
Microsoft Visual Studio Solution File, Format Version 12.00
# Visual Studio 15
VisualStudioVersion = 15.0.26730.12
MinimumVisualStudioVersion = 10.0.40219.1
Project("{8BC9CEB8-8B4A-11D0-8D11-00A0C91BC942}") = "UnitTestNeuralNetwork", "UnitTestNeuralNetwork\UnitTestNeuralNetwork.vcxproj", "{1965E242-6DAB-4E91-BE04-90C3A3194E77}"
EndProject
Global
	GlobalSection(SolutionConfigurationPlatforms) = preSolution
		Debug|x64 = Debug|x64
		Debug|x86 = Debug|x86
		Release|x64 = Release|x64
		Release|x86 = Release|x86
	EndGlobalSection
	GlobalSection(ProjectConfigurationPlatforms) = postSolution
		{1965E242-6DAB-4E91-BE04-90C3A3194E77}.Debug|x64.ActiveCfg = Debug|x64
		{1965E242-6DAB-4E91-BE04-90C3A3194E77}.Debug|x64.Build.0 = Debug|x64
		{1965E242-6DAB-4E91-BE04-90C3A3194E77}.Debug|x86.ActiveCfg = Debug|Win32
		{1965E242-6DAB-4E91-BE04-90C3A3194E77}.Debug|x86.Build.0 = Debug|Win32
		{1965E242-6DAB-4E91-BE04-90C3A3194E77}.Release|x64.ActiveCfg = Release|x64
		{1965E242-6DAB-4E91-BE04-90C3A3194E77}.Release|x64.Build.0 = Release|x64
		{1965E242-6DAB-4E91-BE04-90C3A3194E77}.Release|x86.ActiveCfg = Release|Win32
		{1965E242-6DAB-4E91-BE04-90C3A3194E77}.Release|x86.Build.0 = Release|Win32
	EndGlobalSection
	GlobalSection(SolutionProperties) = preSolution
		HideSolutionNode = FALSE
	EndGlobalSection
	GlobalSection(ExtensibilityGlobals) = postSolution
		SolutionGuid = {67AD5C0A-592F-4FF3-AB43-023888B10574}
	EndGlobalSection
EndGlobal
